// !$*UTF8*$!
{
	archiveVersion = 1;
	classes = {
	};
	objectVersion = 56;
	objects = {

/* Begin PBXBuildFile section */
		4F0DF12C2B4EABCE00097B7D /* AppDelegate.swift in Sources */ = {isa = PBXBuildFile; fileRef = 4F0DF12B2B4EABCE00097B7D /* AppDelegate.swift */; };
		4F0DF12E2B4EABCE00097B7D /* SceneDelegate.swift in Sources */ = {isa = PBXBuildFile; fileRef = 4F0DF12D2B4EABCE00097B7D /* SceneDelegate.swift */; };
		4F0DF1382B4EABD000097B7D /* LaunchScreen.storyboard in Resources */ = {isa = PBXBuildFile; fileRef = 4F0DF1362B4EABD000097B7D /* LaunchScreen.storyboard */; };
		4F3D03842B8EF89800C495E5 /* ToDoGardenUIComponent in Frameworks */ = {isa = PBXBuildFile; productRef = 4F3D03832B8EF89800C495E5 /* ToDoGardenUIComponent */; };
		4F3D03862B8EF89800C495E5 /* ToDoGardenUIResource in Frameworks */ = {isa = PBXBuildFile; productRef = 4F3D03852B8EF89800C495E5 /* ToDoGardenUIResource */; };
		4F577A2D2C2BE05F0006F44F /* TDUtility in Frameworks */ = {isa = PBXBuildFile; productRef = 4F577A2C2C2BE05F0006F44F /* TDUtility */; };
		4FC8C1092B8336A100BA223E /* ToDoGardenTests.swift in Sources */ = {isa = PBXBuildFile; fileRef = 4FC8C1082B8336A100BA223E /* ToDoGardenTests.swift */; };
		4FC8C1512B8C575A00BA223E /* ToDoGardenUIAPI in Frameworks */ = {isa = PBXBuildFile; productRef = 4FC8C1502B8C575A00BA223E /* ToDoGardenUIAPI */; };
		4FDA5E392B4FF1E4006506ED /* Asset.xcassets in Resources */ = {isa = PBXBuildFile; fileRef = 4FDA5E382B4FF1E4006506ED /* Asset.xcassets */; };
		4FEB41422C3686DB00E3682A /* ShareGardenScene in Frameworks */ = {isa = PBXBuildFile; productRef = 4FEB41412C3686DB00E3682A /* ShareGardenScene */; };
		634BD1782CA1755B00396CAB /* EditUserNameScene in Frameworks */ = {isa = PBXBuildFile; productRef = 634BD1772CA1755B00396CAB /* EditUserNameScene */; };
		634BD17A2CA1755B00396CAB /* EditUserNameSceneAPI in Frameworks */ = {isa = PBXBuildFile; productRef = 634BD1792CA1755B00396CAB /* EditUserNameSceneAPI */; };
		634BD17C2CA1755B00396CAB /* EditUserNameSceneEntity in Frameworks */ = {isa = PBXBuildFile; productRef = 634BD17B2CA1755B00396CAB /* EditUserNameSceneEntity */; };
		638125FE2CB3BFEE00FB4EEB /* EditUserIntroductionScene in Frameworks */ = {isa = PBXBuildFile; productRef = 638125FD2CB3BFEE00FB4EEB /* EditUserIntroductionScene */; };
		638126002CB3BFEE00FB4EEB /* EditUserIntroductionSceneAPI in Frameworks */ = {isa = PBXBuildFile; productRef = 638125FF2CB3BFEE00FB4EEB /* EditUserIntroductionSceneAPI */; };
		638126022CB3BFEE00FB4EEB /* EditUserIntroductionSceneEntity in Frameworks */ = {isa = PBXBuildFile; productRef = 638126012CB3BFEE00FB4EEB /* EditUserIntroductionSceneEntity */; };
		638F7F552C7F4E0900338FA3 /* UserInfoScene in Frameworks */ = {isa = PBXBuildFile; productRef = 638F7F542C7F4E0900338FA3 /* UserInfoScene */; };
		638F7F572C7F4E0900338FA3 /* UserInfoSceneAPI in Frameworks */ = {isa = PBXBuildFile; productRef = 638F7F562C7F4E0900338FA3 /* UserInfoSceneAPI */; };
		638F7F592C7F4E0900338FA3 /* UserInfoSceneEntity in Frameworks */ = {isa = PBXBuildFile; productRef = 638F7F582C7F4E0900338FA3 /* UserInfoSceneEntity */; };
		639D79512C19A8E300004B26 /* EditToDoScene in Resources */ = {isa = PBXBuildFile; fileRef = 639D79502C19A8E300004B26 /* EditToDoScene */; };
		63C1A0EF2C2FD74100B6D6DE /* EditToDoScene in Frameworks */ = {isa = PBXBuildFile; productRef = 63C1A0EE2C2FD74100B6D6DE /* EditToDoScene */; };
		63C1A0F12C2FD74100B6D6DE /* EditToDoSceneAPI in Frameworks */ = {isa = PBXBuildFile; productRef = 63C1A0F02C2FD74100B6D6DE /* EditToDoSceneAPI */; };
		63C1A0F32C2FD74100B6D6DE /* EditToDoSceneEntity in Frameworks */ = {isa = PBXBuildFile; productRef = 63C1A0F22C2FD74100B6D6DE /* EditToDoSceneEntity */; };
		E40EB3F32C3BBD64004D5329 /* PostGroupScene in Frameworks */ = {isa = PBXBuildFile; productRef = E40EB3F22C3BBD64004D5329 /* PostGroupScene */; };
		E40EB3F52C3BBD88004D5329 /* PostGroupSceneAPI in Frameworks */ = {isa = PBXBuildFile; productRef = E40EB3F42C3BBD88004D5329 /* PostGroupSceneAPI */; };
		E40EB3F72C3BBD88004D5329 /* PostGroupSceneEntity in Frameworks */ = {isa = PBXBuildFile; productRef = E40EB3F62C3BBD88004D5329 /* PostGroupSceneEntity */; };
		E48680232CAE902600C6D535 /* LoginScene in Frameworks */ = {isa = PBXBuildFile; productRef = E48680222CAE902600C6D535 /* LoginScene */; };
		E48680252CAE902600C6D535 /* LoginSceneAPI in Frameworks */ = {isa = PBXBuildFile; productRef = E48680242CAE902600C6D535 /* LoginSceneAPI */; };
		E48680272CAE902600C6D535 /* LoginSceneEntity in Frameworks */ = {isa = PBXBuildFile; productRef = E48680262CAE902600C6D535 /* LoginSceneEntity */; };
		E4DEA1742C2BED0700E3CE3C /* ManageGroupScene in Frameworks */ = {isa = PBXBuildFile; productRef = E4DEA1732C2BED0700E3CE3C /* ManageGroupScene */; };
		E4DEA1762C2BED0700E3CE3C /* ManageGroupSceneAPI in Frameworks */ = {isa = PBXBuildFile; productRef = E4DEA1752C2BED0700E3CE3C /* ManageGroupSceneAPI */; };
		E4DEA1782C2BED0700E3CE3C /* ManageGroupSceneEntity in Frameworks */ = {isa = PBXBuildFile; productRef = E4DEA1772C2BED0700E3CE3C /* ManageGroupSceneEntity */; };
		E4F7D3B22B996B1F00324294 /* ToDoGardenUIConstant in Frameworks */ = {isa = PBXBuildFile; productRef = E4F7D3B12B996B1F00324294 /* ToDoGardenUIConstant */; };
/* End PBXBuildFile section */

/* Begin PBXContainerItemProxy section */
		4FC8C10A2B8336A100BA223E /* PBXContainerItemProxy */ = {
			isa = PBXContainerItemProxy;
			containerPortal = 4F0DF1202B4EABCE00097B7D /* Project object */;
			proxyType = 1;
			remoteGlobalIDString = 4F0DF1272B4EABCE00097B7D;
			remoteInfo = "ToDo-Garden";
		};
/* End PBXContainerItemProxy section */

/* Begin PBXFileReference section */
		4F0DF1282B4EABCE00097B7D /* ToDo-Garden.app */ = {isa = PBXFileReference; explicitFileType = wrapper.application; includeInIndex = 0; path = "ToDo-Garden.app"; sourceTree = BUILT_PRODUCTS_DIR; };
		4F0DF12B2B4EABCE00097B7D /* AppDelegate.swift */ = {isa = PBXFileReference; lastKnownFileType = sourcecode.swift; path = AppDelegate.swift; sourceTree = "<group>"; };
		4F0DF12D2B4EABCE00097B7D /* SceneDelegate.swift */ = {isa = PBXFileReference; lastKnownFileType = sourcecode.swift; path = SceneDelegate.swift; sourceTree = "<group>"; };
		4F0DF1372B4EABD000097B7D /* Base */ = {isa = PBXFileReference; lastKnownFileType = file.storyboard; name = Base; path = Base.lproj/LaunchScreen.storyboard; sourceTree = "<group>"; };
		4F0DF1392B4EABD000097B7D /* Info.plist */ = {isa = PBXFileReference; lastKnownFileType = text.plist.xml; path = Info.plist; sourceTree = "<group>"; };
		4F577A2B2C2BDE300006F44F /* TDUtility */ = {isa = PBXFileReference; lastKnownFileType = wrapper; path = TDUtility; sourceTree = "<group>"; };
		4FC8C1062B8336A100BA223E /* ToDo-GardenTests.xctest */ = {isa = PBXFileReference; explicitFileType = wrapper.cfbundle; includeInIndex = 0; path = "ToDo-GardenTests.xctest"; sourceTree = BUILT_PRODUCTS_DIR; };
		4FC8C1082B8336A100BA223E /* ToDoGardenTests.swift */ = {isa = PBXFileReference; lastKnownFileType = sourcecode.swift; path = ToDoGardenTests.swift; sourceTree = "<group>"; };
		4FC8C10F2B83375500BA223E /* ToDo-GardenTestPlan.xctestplan */ = {isa = PBXFileReference; lastKnownFileType = text; path = "ToDo-GardenTestPlan.xctestplan"; sourceTree = "<group>"; };
		4FC8C14A2B87562600BA223E /* ToDoGardenUI */ = {isa = PBXFileReference; lastKnownFileType = wrapper; path = ToDoGardenUI; sourceTree = "<group>"; };
		4FDA5E382B4FF1E4006506ED /* Asset.xcassets */ = {isa = PBXFileReference; lastKnownFileType = folder.assetcatalog; path = Asset.xcassets; sourceTree = "<group>"; };
		4FEB41402C36864D00E3682A /* ShareGardenScene */ = {isa = PBXFileReference; lastKnownFileType = wrapper; path = ShareGardenScene; sourceTree = "<group>"; };
		631CD21F2C609FAD0000F78E /* SettingScene */ = {isa = PBXFileReference; lastKnownFileType = wrapper; path = SettingScene; sourceTree = "<group>"; };
		634BD1762CA1728500396CAB /* EditUserNameScene */ = {isa = PBXFileReference; lastKnownFileType = wrapper; path = EditUserNameScene; sourceTree = "<group>"; };
		638F7F532C7F4AF500338FA3 /* UserInfoScene */ = {isa = PBXFileReference; lastKnownFileType = wrapper; path = UserInfoScene; sourceTree = "<group>"; };
		639D79502C19A8E300004B26 /* EditToDoScene */ = {isa = PBXFileReference; lastKnownFileType = wrapper; path = EditToDoScene; sourceTree = "<group>"; };
		63E20C1D2CB3BBFE00EC158E /* EditUserIntroductionScene */ = {isa = PBXFileReference; lastKnownFileType = wrapper; path = EditUserIntroductionScene; sourceTree = "<group>"; };
		AE645FE82C64BD3E001A5612 /* CommonViews */ = {isa = PBXFileReference; lastKnownFileType = wrapper; path = CommonViews; sourceTree = "<group>"; };
		AE645FE92C64BE80001A5612 /* GuideScene */ = {isa = PBXFileReference; lastKnownFileType = wrapper; path = GuideScene; sourceTree = "<group>"; };
		AE930F3C2C2E9306002F26AB /* TimerScene */ = {isa = PBXFileReference; lastKnownFileType = wrapper; path = TimerScene; sourceTree = "<group>"; };
		E437F3D32CB3E817003589F0 /* ToDo-Garden.entitlements */ = {isa = PBXFileReference; lastKnownFileType = text.plist.entitlements; path = "ToDo-Garden.entitlements"; sourceTree = "<group>"; };
		E4754C0F2C3BB9790079CFAE /* PostGroupScene */ = {isa = PBXFileReference; lastKnownFileType = wrapper; path = PostGroupScene; sourceTree = "<group>"; };
		E4BC897A2CB6B4A8002DA1E1 /* SignUpScene */ = {isa = PBXFileReference; lastKnownFileType = wrapper; path = SignUpScene; sourceTree = "<group>"; };
		E4DBB5922CAD595E00B58C23 /* LoginScene */ = {isa = PBXFileReference; lastKnownFileType = wrapper; path = LoginScene; sourceTree = "<group>"; };
		E4DEA1722C2BEC2900E3CE3C /* ManageGroupScene */ = {isa = PBXFileReference; lastKnownFileType = wrapper; path = ManageGroupScene; sourceTree = "<group>"; };
/* End PBXFileReference section */

/* Begin PBXFrameworksBuildPhase section */
		4F0DF1252B4EABCE00097B7D /* Frameworks */ = {
			isa = PBXFrameworksBuildPhase;
			buildActionMask = 2147483647;
			files = (
				63C1A0F12C2FD74100B6D6DE /* EditToDoSceneAPI in Frameworks */,
				E40EB3F72C3BBD88004D5329 /* PostGroupSceneEntity in Frameworks */,
				E4DEA1782C2BED0700E3CE3C /* ManageGroupSceneEntity in Frameworks */,
				4FEB41422C3686DB00E3682A /* ShareGardenScene in Frameworks */,
				E48680272CAE902600C6D535 /* LoginSceneEntity in Frameworks */,
				4FC8C1512B8C575A00BA223E /* ToDoGardenUIAPI in Frameworks */,
				638F7F592C7F4E0900338FA3 /* UserInfoSceneEntity in Frameworks */,
				634BD17A2CA1755B00396CAB /* EditUserNameSceneAPI in Frameworks */,
				638F7F572C7F4E0900338FA3 /* UserInfoSceneAPI in Frameworks */,
				638125FE2CB3BFEE00FB4EEB /* EditUserIntroductionScene in Frameworks */,
				638126022CB3BFEE00FB4EEB /* EditUserIntroductionSceneEntity in Frameworks */,
				634BD17C2CA1755B00396CAB /* EditUserNameSceneEntity in Frameworks */,
				E4DEA1762C2BED0700E3CE3C /* ManageGroupSceneAPI in Frameworks */,
				634BD1782CA1755B00396CAB /* EditUserNameScene in Frameworks */,
				638F7F552C7F4E0900338FA3 /* UserInfoScene in Frameworks */,
				4F3D03862B8EF89800C495E5 /* ToDoGardenUIResource in Frameworks */,
				E4DEA1742C2BED0700E3CE3C /* ManageGroupScene in Frameworks */,
				4F3D03842B8EF89800C495E5 /* ToDoGardenUIComponent in Frameworks */,
				E48680252CAE902600C6D535 /* LoginSceneAPI in Frameworks */,
				E40EB3F52C3BBD88004D5329 /* PostGroupSceneAPI in Frameworks */,
				E40EB3F32C3BBD64004D5329 /* PostGroupScene in Frameworks */,
				4F577A2D2C2BE05F0006F44F /* TDUtility in Frameworks */,
				63C1A0F32C2FD74100B6D6DE /* EditToDoSceneEntity in Frameworks */,
				E48680232CAE902600C6D535 /* LoginScene in Frameworks */,
				638126002CB3BFEE00FB4EEB /* EditUserIntroductionSceneAPI in Frameworks */,
				63C1A0EF2C2FD74100B6D6DE /* EditToDoScene in Frameworks */,
				E4F7D3B22B996B1F00324294 /* ToDoGardenUIConstant in Frameworks */,
			);
			runOnlyForDeploymentPostprocessing = 0;
		};
		4FC8C1032B8336A100BA223E /* Frameworks */ = {
			isa = PBXFrameworksBuildPhase;
			buildActionMask = 2147483647;
			files = (
			);
			runOnlyForDeploymentPostprocessing = 0;
		};
/* End PBXFrameworksBuildPhase section */

/* Begin PBXGroup section */
		4F0DF11F2B4EABCE00097B7D = {
			isa = PBXGroup;
			children = (
				4F577A2B2C2BDE300006F44F /* TDUtility */,
				4FC8C14A2B87562600BA223E /* ToDoGardenUI */,
				4F0DF12A2B4EABCE00097B7D /* ToDo-Garden */,
				4FC8C1072B8336A100BA223E /* ToDo-GardenTests */,
				4F0DF1292B4EABCE00097B7D /* Products */,
				4FC8C14F2B8C575A00BA223E /* Frameworks */,
			);
			sourceTree = "<group>";
		};
		4F0DF1292B4EABCE00097B7D /* Products */ = {
			isa = PBXGroup;
			children = (
				4F0DF1282B4EABCE00097B7D /* ToDo-Garden.app */,
				4FC8C1062B8336A100BA223E /* ToDo-GardenTests.xctest */,
			);
			name = Products;
			sourceTree = "<group>";
		};
		4F0DF12A2B4EABCE00097B7D /* ToDo-Garden */ = {
			isa = PBXGroup;
			children = (
				E437F3D32CB3E817003589F0 /* ToDo-Garden.entitlements */,
				E4BC897A2CB6B4A8002DA1E1 /* SignUpScene */,
				63E20C1D2CB3BBFE00EC158E /* EditUserIntroductionScene */,
				E4DBB5922CAD595E00B58C23 /* LoginScene */,
				634BD1762CA1728500396CAB /* EditUserNameScene */,
				638F7F532C7F4AF500338FA3 /* UserInfoScene */,
				AE645FE92C64BE80001A5612 /* GuideScene */,
				AE645FE82C64BD3E001A5612 /* CommonViews */,
				631CD21F2C609FAD0000F78E /* SettingScene */,
				E4754C0F2C3BB9790079CFAE /* PostGroupScene */,
				4FEB41402C36864D00E3682A /* ShareGardenScene */,
				AE930F3C2C2E9306002F26AB /* TimerScene */,
				E4DEA1722C2BEC2900E3CE3C /* ManageGroupScene */,
				639D79502C19A8E300004B26 /* EditToDoScene */,
				4FDA5E372B4FF1B0006506ED /* Resources */,
				4F6C8B862B73685000F209BC /* Sources */,
			);
			path = "ToDo-Garden";
			sourceTree = "<group>";
		};
		4F0DF13F2B4EB64C00097B7D /* Application */ = {
			isa = PBXGroup;
			children = (
				4F0DF12B2B4EABCE00097B7D /* AppDelegate.swift */,
				4F0DF12D2B4EABCE00097B7D /* SceneDelegate.swift */,
			);
			path = Application;
			sourceTree = "<group>";
		};
		4F6C8B862B73685000F209BC /* Sources */ = {
			isa = PBXGroup;
			children = (
				4F0DF13F2B4EB64C00097B7D /* Application */,
			);
			path = Sources;
			sourceTree = "<group>";
		};
		4FC8C1072B8336A100BA223E /* ToDo-GardenTests */ = {
			isa = PBXGroup;
			children = (
				4FC8C10F2B83375500BA223E /* ToDo-GardenTestPlan.xctestplan */,
				4FC8C1082B8336A100BA223E /* ToDoGardenTests.swift */,
			);
			path = "ToDo-GardenTests";
			sourceTree = "<group>";
		};
		4FC8C14F2B8C575A00BA223E /* Frameworks */ = {
			isa = PBXGroup;
			children = (
			);
			name = Frameworks;
			sourceTree = "<group>";
		};
		4FDA5E372B4FF1B0006506ED /* Resources */ = {
			isa = PBXGroup;
			children = (
				4F0DF1362B4EABD000097B7D /* LaunchScreen.storyboard */,
				4F0DF1392B4EABD000097B7D /* Info.plist */,
				4FDA5E382B4FF1E4006506ED /* Asset.xcassets */,
			);
			path = Resources;
			sourceTree = "<group>";
		};
/* End PBXGroup section */

/* Begin PBXNativeTarget section */
		4F0DF1272B4EABCE00097B7D /* ToDo-Garden */ = {
			isa = PBXNativeTarget;
			buildConfigurationList = 4F0DF13C2B4EABD000097B7D /* Build configuration list for PBXNativeTarget "ToDo-Garden" */;
			buildPhases = (
				4F0DF1242B4EABCE00097B7D /* Sources */,
				4F0DF1252B4EABCE00097B7D /* Frameworks */,
				4F0DF1262B4EABCE00097B7D /* Resources */,
			);
			buildRules = (
			);
			dependencies = (
			);
			name = "ToDo-Garden";
			packageProductDependencies = (
				4FC8C1502B8C575A00BA223E /* ToDoGardenUIAPI */,
				4F3D03832B8EF89800C495E5 /* ToDoGardenUIComponent */,
				4F3D03852B8EF89800C495E5 /* ToDoGardenUIResource */,
				E4F7D3B12B996B1F00324294 /* ToDoGardenUIConstant */,
				E4DEA1732C2BED0700E3CE3C /* ManageGroupScene */,
				E4DEA1752C2BED0700E3CE3C /* ManageGroupSceneAPI */,
				E4DEA1772C2BED0700E3CE3C /* ManageGroupSceneEntity */,
				4F577A2C2C2BE05F0006F44F /* TDUtility */,
				63C1A0EE2C2FD74100B6D6DE /* EditToDoScene */,
				63C1A0F02C2FD74100B6D6DE /* EditToDoSceneAPI */,
				63C1A0F22C2FD74100B6D6DE /* EditToDoSceneEntity */,
				4FEB41412C3686DB00E3682A /* ShareGardenScene */,
				E40EB3F22C3BBD64004D5329 /* PostGroupScene */,
				E40EB3F42C3BBD88004D5329 /* PostGroupSceneAPI */,
				E40EB3F62C3BBD88004D5329 /* PostGroupSceneEntity */,
				638F7F542C7F4E0900338FA3 /* UserInfoScene */,
				638F7F562C7F4E0900338FA3 /* UserInfoSceneAPI */,
				638F7F582C7F4E0900338FA3 /* UserInfoSceneEntity */,
				634BD1772CA1755B00396CAB /* EditUserNameScene */,
				634BD1792CA1755B00396CAB /* EditUserNameSceneAPI */,
				634BD17B2CA1755B00396CAB /* EditUserNameSceneEntity */,
				E48680222CAE902600C6D535 /* LoginScene */,
				E48680242CAE902600C6D535 /* LoginSceneAPI */,
				E48680262CAE902600C6D535 /* LoginSceneEntity */,
				638125FD2CB3BFEE00FB4EEB /* EditUserIntroductionScene */,
				638125FF2CB3BFEE00FB4EEB /* EditUserIntroductionSceneAPI */,
				638126012CB3BFEE00FB4EEB /* EditUserIntroductionSceneEntity */,
			);
			productName = "ToDo-Garden";
			productReference = 4F0DF1282B4EABCE00097B7D /* ToDo-Garden.app */;
			productType = "com.apple.product-type.application";
		};
		4FC8C1052B8336A100BA223E /* ToDo-GardenTests */ = {
			isa = PBXNativeTarget;
			buildConfigurationList = 4FC8C10E2B8336A100BA223E /* Build configuration list for PBXNativeTarget "ToDo-GardenTests" */;
			buildPhases = (
				4FC8C1022B8336A100BA223E /* Sources */,
				4FC8C1032B8336A100BA223E /* Frameworks */,
				4FC8C1042B8336A100BA223E /* Resources */,
			);
			buildRules = (
			);
			dependencies = (
				4FC8C10B2B8336A100BA223E /* PBXTargetDependency */,
			);
			name = "ToDo-GardenTests";
			productName = "ToDo-GardenTests";
			productReference = 4FC8C1062B8336A100BA223E /* ToDo-GardenTests.xctest */;
			productType = "com.apple.product-type.bundle.unit-test";
		};
/* End PBXNativeTarget section */

/* Begin PBXProject section */
		4F0DF1202B4EABCE00097B7D /* Project object */ = {
			isa = PBXProject;
			attributes = {
				BuildIndependentTargetsInParallel = 1;
				LastSwiftUpdateCheck = 1500;
				LastUpgradeCheck = 1500;
				TargetAttributes = {
					4F0DF1272B4EABCE00097B7D = {
						CreatedOnToolsVersion = 15.0.1;
					};
					4FC8C1052B8336A100BA223E = {
						CreatedOnToolsVersion = 15.0.1;
						TestTargetID = 4F0DF1272B4EABCE00097B7D;
					};
				};
			};
			buildConfigurationList = 4F0DF1232B4EABCE00097B7D /* Build configuration list for PBXProject "ToDo-Garden" */;
			compatibilityVersion = "Xcode 14.0";
			developmentRegion = en;
			hasScannedForEncodings = 0;
			knownRegions = (
				en,
				Base,
			);
			mainGroup = 4F0DF11F2B4EABCE00097B7D;
			productRefGroup = 4F0DF1292B4EABCE00097B7D /* Products */;
			projectDirPath = "";
			projectRoot = "";
			targets = (
				4F0DF1272B4EABCE00097B7D /* ToDo-Garden */,
				4FC8C1052B8336A100BA223E /* ToDo-GardenTests */,
			);
		};
/* End PBXProject section */

/* Begin PBXResourcesBuildPhase section */
		4F0DF1262B4EABCE00097B7D /* Resources */ = {
			isa = PBXResourcesBuildPhase;
			buildActionMask = 2147483647;
			files = (
				4FDA5E392B4FF1E4006506ED /* Asset.xcassets in Resources */,
				639D79512C19A8E300004B26 /* EditToDoScene in Resources */,
				4F0DF1382B4EABD000097B7D /* LaunchScreen.storyboard in Resources */,
			);
			runOnlyForDeploymentPostprocessing = 0;
		};
		4FC8C1042B8336A100BA223E /* Resources */ = {
			isa = PBXResourcesBuildPhase;
			buildActionMask = 2147483647;
			files = (
			);
			runOnlyForDeploymentPostprocessing = 0;
		};
/* End PBXResourcesBuildPhase section */

/* Begin PBXSourcesBuildPhase section */
		4F0DF1242B4EABCE00097B7D /* Sources */ = {
			isa = PBXSourcesBuildPhase;
			buildActionMask = 2147483647;
			files = (
				4F0DF12C2B4EABCE00097B7D /* AppDelegate.swift in Sources */,
				4F0DF12E2B4EABCE00097B7D /* SceneDelegate.swift in Sources */,
			);
			runOnlyForDeploymentPostprocessing = 0;
		};
		4FC8C1022B8336A100BA223E /* Sources */ = {
			isa = PBXSourcesBuildPhase;
			buildActionMask = 2147483647;
			files = (
				4FC8C1092B8336A100BA223E /* ToDoGardenTests.swift in Sources */,
			);
			runOnlyForDeploymentPostprocessing = 0;
		};
/* End PBXSourcesBuildPhase section */

/* Begin PBXTargetDependency section */
		4FC8C10B2B8336A100BA223E /* PBXTargetDependency */ = {
			isa = PBXTargetDependency;
			target = 4F0DF1272B4EABCE00097B7D /* ToDo-Garden */;
			targetProxy = 4FC8C10A2B8336A100BA223E /* PBXContainerItemProxy */;
		};
/* End PBXTargetDependency section */

/* Begin PBXVariantGroup section */
		4F0DF1362B4EABD000097B7D /* LaunchScreen.storyboard */ = {
			isa = PBXVariantGroup;
			children = (
				4F0DF1372B4EABD000097B7D /* Base */,
			);
			name = LaunchScreen.storyboard;
			sourceTree = "<group>";
		};
/* End PBXVariantGroup section */

/* Begin XCBuildConfiguration section */
		4F0DF13A2B4EABD000097B7D /* Debug */ = {
			isa = XCBuildConfiguration;
			buildSettings = {
				ALWAYS_SEARCH_USER_PATHS = NO;
				ASSETCATALOG_COMPILER_GENERATE_SWIFT_ASSET_SYMBOL_EXTENSIONS = YES;
				CLANG_ANALYZER_NONNULL = YES;
				CLANG_ANALYZER_NUMBER_OBJECT_CONVERSION = YES_AGGRESSIVE;
				CLANG_CXX_LANGUAGE_STANDARD = "gnu++20";
				CLANG_ENABLE_MODULES = YES;
				CLANG_ENABLE_OBJC_ARC = YES;
				CLANG_ENABLE_OBJC_WEAK = YES;
				CLANG_WARN_BLOCK_CAPTURE_AUTORELEASING = YES;
				CLANG_WARN_BOOL_CONVERSION = YES;
				CLANG_WARN_COMMA = YES;
				CLANG_WARN_CONSTANT_CONVERSION = YES;
				CLANG_WARN_DEPRECATED_OBJC_IMPLEMENTATIONS = YES;
				CLANG_WARN_DIRECT_OBJC_ISA_USAGE = YES_ERROR;
				CLANG_WARN_DOCUMENTATION_COMMENTS = YES;
				CLANG_WARN_EMPTY_BODY = YES;
				CLANG_WARN_ENUM_CONVERSION = YES;
				CLANG_WARN_INFINITE_RECURSION = YES;
				CLANG_WARN_INT_CONVERSION = YES;
				CLANG_WARN_NON_LITERAL_NULL_CONVERSION = YES;
				CLANG_WARN_OBJC_IMPLICIT_RETAIN_SELF = YES;
				CLANG_WARN_OBJC_LITERAL_CONVERSION = YES;
				CLANG_WARN_OBJC_ROOT_CLASS = YES_ERROR;
				CLANG_WARN_QUOTED_INCLUDE_IN_FRAMEWORK_HEADER = YES;
				CLANG_WARN_RANGE_LOOP_ANALYSIS = YES;
				CLANG_WARN_STRICT_PROTOTYPES = YES;
				CLANG_WARN_SUSPICIOUS_MOVE = YES;
				CLANG_WARN_UNGUARDED_AVAILABILITY = YES_AGGRESSIVE;
				CLANG_WARN_UNREACHABLE_CODE = YES;
				CLANG_WARN__DUPLICATE_METHOD_MATCH = YES;
				COPY_PHASE_STRIP = NO;
				DEBUG_INFORMATION_FORMAT = dwarf;
				ENABLE_STRICT_OBJC_MSGSEND = YES;
				ENABLE_TESTABILITY = YES;
				ENABLE_USER_SCRIPT_SANDBOXING = YES;
				GCC_C_LANGUAGE_STANDARD = gnu17;
				GCC_DYNAMIC_NO_PIC = NO;
				GCC_NO_COMMON_BLOCKS = YES;
				GCC_OPTIMIZATION_LEVEL = 0;
				GCC_PREPROCESSOR_DEFINITIONS = (
					"DEBUG=1",
					"$(inherited)",
				);
				GCC_WARN_64_TO_32_BIT_CONVERSION = YES;
				GCC_WARN_ABOUT_RETURN_TYPE = YES_ERROR;
				GCC_WARN_UNDECLARED_SELECTOR = YES;
				GCC_WARN_UNINITIALIZED_AUTOS = YES_AGGRESSIVE;
				GCC_WARN_UNUSED_FUNCTION = YES;
				GCC_WARN_UNUSED_VARIABLE = YES;
				IPHONEOS_DEPLOYMENT_TARGET = 17.0;
				LOCALIZATION_PREFERS_STRING_CATALOGS = YES;
				MTL_ENABLE_DEBUG_INFO = INCLUDE_SOURCE;
				MTL_FAST_MATH = YES;
				ONLY_ACTIVE_ARCH = YES;
				SDKROOT = iphoneos;
				SWIFT_ACTIVE_COMPILATION_CONDITIONS = "DEBUG $(inherited)";
				SWIFT_OPTIMIZATION_LEVEL = "-Onone";
			};
			name = Debug;
		};
		4F0DF13B2B4EABD000097B7D /* Release */ = {
			isa = XCBuildConfiguration;
			buildSettings = {
				ALWAYS_SEARCH_USER_PATHS = NO;
				ASSETCATALOG_COMPILER_GENERATE_SWIFT_ASSET_SYMBOL_EXTENSIONS = YES;
				CLANG_ANALYZER_NONNULL = YES;
				CLANG_ANALYZER_NUMBER_OBJECT_CONVERSION = YES_AGGRESSIVE;
				CLANG_CXX_LANGUAGE_STANDARD = "gnu++20";
				CLANG_ENABLE_MODULES = YES;
				CLANG_ENABLE_OBJC_ARC = YES;
				CLANG_ENABLE_OBJC_WEAK = YES;
				CLANG_WARN_BLOCK_CAPTURE_AUTORELEASING = YES;
				CLANG_WARN_BOOL_CONVERSION = YES;
				CLANG_WARN_COMMA = YES;
				CLANG_WARN_CONSTANT_CONVERSION = YES;
				CLANG_WARN_DEPRECATED_OBJC_IMPLEMENTATIONS = YES;
				CLANG_WARN_DIRECT_OBJC_ISA_USAGE = YES_ERROR;
				CLANG_WARN_DOCUMENTATION_COMMENTS = YES;
				CLANG_WARN_EMPTY_BODY = YES;
				CLANG_WARN_ENUM_CONVERSION = YES;
				CLANG_WARN_INFINITE_RECURSION = YES;
				CLANG_WARN_INT_CONVERSION = YES;
				CLANG_WARN_NON_LITERAL_NULL_CONVERSION = YES;
				CLANG_WARN_OBJC_IMPLICIT_RETAIN_SELF = YES;
				CLANG_WARN_OBJC_LITERAL_CONVERSION = YES;
				CLANG_WARN_OBJC_ROOT_CLASS = YES_ERROR;
				CLANG_WARN_QUOTED_INCLUDE_IN_FRAMEWORK_HEADER = YES;
				CLANG_WARN_RANGE_LOOP_ANALYSIS = YES;
				CLANG_WARN_STRICT_PROTOTYPES = YES;
				CLANG_WARN_SUSPICIOUS_MOVE = YES;
				CLANG_WARN_UNGUARDED_AVAILABILITY = YES_AGGRESSIVE;
				CLANG_WARN_UNREACHABLE_CODE = YES;
				CLANG_WARN__DUPLICATE_METHOD_MATCH = YES;
				COPY_PHASE_STRIP = NO;
				DEBUG_INFORMATION_FORMAT = "dwarf-with-dsym";
				ENABLE_NS_ASSERTIONS = NO;
				ENABLE_STRICT_OBJC_MSGSEND = YES;
				ENABLE_USER_SCRIPT_SANDBOXING = YES;
				GCC_C_LANGUAGE_STANDARD = gnu17;
				GCC_NO_COMMON_BLOCKS = YES;
				GCC_WARN_64_TO_32_BIT_CONVERSION = YES;
				GCC_WARN_ABOUT_RETURN_TYPE = YES_ERROR;
				GCC_WARN_UNDECLARED_SELECTOR = YES;
				GCC_WARN_UNINITIALIZED_AUTOS = YES_AGGRESSIVE;
				GCC_WARN_UNUSED_FUNCTION = YES;
				GCC_WARN_UNUSED_VARIABLE = YES;
				IPHONEOS_DEPLOYMENT_TARGET = 17.0;
				LOCALIZATION_PREFERS_STRING_CATALOGS = YES;
				MTL_ENABLE_DEBUG_INFO = NO;
				MTL_FAST_MATH = YES;
				SDKROOT = iphoneos;
				SWIFT_COMPILATION_MODE = wholemodule;
				VALIDATE_PRODUCT = YES;
			};
			name = Release;
		};
		4F0DF13D2B4EABD000097B7D /* Debug */ = {
			isa = XCBuildConfiguration;
			buildSettings = {
				ASSETCATALOG_COMPILER_APPICON_NAME = AppIcon;
				ASSETCATALOG_COMPILER_GLOBAL_ACCENT_COLOR_NAME = AccentColor;
				CODE_SIGN_ENTITLEMENTS = "ToDo-Garden/ToDo-Garden.entitlements";
				CODE_SIGN_STYLE = Automatic;
				CURRENT_PROJECT_VERSION = 1;
				DEVELOPMENT_TEAM = 7J855UGZA4;
				GENERATE_INFOPLIST_FILE = YES;
				INFOPLIST_FILE = "ToDo-Garden/Resources/Info.plist";
				INFOPLIST_KEY_NSPhotoLibraryUsageDescription = "사진 접근 권한이 필요합니다.";
				INFOPLIST_KEY_UIApplicationSupportsIndirectInputEvents = YES;
				INFOPLIST_KEY_UILaunchStoryboardName = LaunchScreen;
				INFOPLIST_KEY_UISupportedInterfaceOrientations_iPad = "UIInterfaceOrientationPortrait UIInterfaceOrientationPortraitUpsideDown UIInterfaceOrientationLandscapeLeft UIInterfaceOrientationLandscapeRight";
				INFOPLIST_KEY_UISupportedInterfaceOrientations_iPhone = "UIInterfaceOrientationPortrait UIInterfaceOrientationLandscapeLeft UIInterfaceOrientationLandscapeRight";
				LD_RUNPATH_SEARCH_PATHS = (
					"$(inherited)",
					"@executable_path/Frameworks",
				);
				MARKETING_VERSION = 1.0;
				PRODUCT_BUNDLE_IDENTIFIER = "noah.ToDo-Garden";
				PRODUCT_NAME = "$(TARGET_NAME)";
				SWIFT_EMIT_LOC_STRINGS = YES;
				SWIFT_VERSION = 5.0;
				TARGETED_DEVICE_FAMILY = "1,2";
			};
			name = Debug;
		};
		4F0DF13E2B4EABD000097B7D /* Release */ = {
			isa = XCBuildConfiguration;
			buildSettings = {
				ASSETCATALOG_COMPILER_APPICON_NAME = AppIcon;
				ASSETCATALOG_COMPILER_GLOBAL_ACCENT_COLOR_NAME = AccentColor;
				CODE_SIGN_ENTITLEMENTS = "ToDo-Garden/ToDo-Garden.entitlements";
				CODE_SIGN_STYLE = Automatic;
				CURRENT_PROJECT_VERSION = 1;
				DEVELOPMENT_TEAM = 7J855UGZA4;
				GENERATE_INFOPLIST_FILE = YES;
				INFOPLIST_FILE = "ToDo-Garden/Resources/Info.plist";
				INFOPLIST_KEY_NSPhotoLibraryUsageDescription = "사진 접근 권한이 필요합니다.";
				INFOPLIST_KEY_UIApplicationSupportsIndirectInputEvents = YES;
				INFOPLIST_KEY_UILaunchStoryboardName = LaunchScreen;
				INFOPLIST_KEY_UISupportedInterfaceOrientations_iPad = "UIInterfaceOrientationPortrait UIInterfaceOrientationPortraitUpsideDown UIInterfaceOrientationLandscapeLeft UIInterfaceOrientationLandscapeRight";
				INFOPLIST_KEY_UISupportedInterfaceOrientations_iPhone = "UIInterfaceOrientationPortrait UIInterfaceOrientationLandscapeLeft UIInterfaceOrientationLandscapeRight";
				LD_RUNPATH_SEARCH_PATHS = (
					"$(inherited)",
					"@executable_path/Frameworks",
				);
				MARKETING_VERSION = 1.0;
				PRODUCT_BUNDLE_IDENTIFIER = "noah.ToDo-Garden";
				PRODUCT_NAME = "$(TARGET_NAME)";
				SWIFT_EMIT_LOC_STRINGS = YES;
				SWIFT_VERSION = 5.0;
				TARGETED_DEVICE_FAMILY = "1,2";
			};
			name = Release;
		};
		4FC8C10C2B8336A100BA223E /* Debug */ = {
			isa = XCBuildConfiguration;
			buildSettings = {
				BUNDLE_LOADER = "$(TEST_HOST)";
				CODE_SIGN_STYLE = Automatic;
				CURRENT_PROJECT_VERSION = 1;
				DEVELOPMENT_TEAM = 7J855UGZA4;
				GENERATE_INFOPLIST_FILE = YES;
				MARKETING_VERSION = 1.0;
				PRODUCT_BUNDLE_IDENTIFIER = "noah.ToDo-GardenTests";
				PRODUCT_NAME = "$(TARGET_NAME)";
				SWIFT_EMIT_LOC_STRINGS = NO;
				SWIFT_VERSION = 5.0;
				TARGETED_DEVICE_FAMILY = "1,2";
				TEST_HOST = "$(BUILT_PRODUCTS_DIR)/ToDo-Garden.app/$(BUNDLE_EXECUTABLE_FOLDER_PATH)/ToDo-Garden";
			};
			name = Debug;
		};
		4FC8C10D2B8336A100BA223E /* Release */ = {
			isa = XCBuildConfiguration;
			buildSettings = {
				BUNDLE_LOADER = "$(TEST_HOST)";
				CODE_SIGN_STYLE = Automatic;
				CURRENT_PROJECT_VERSION = 1;
				DEVELOPMENT_TEAM = 7J855UGZA4;
				GENERATE_INFOPLIST_FILE = YES;
				MARKETING_VERSION = 1.0;
				PRODUCT_BUNDLE_IDENTIFIER = "noah.ToDo-GardenTests";
				PRODUCT_NAME = "$(TARGET_NAME)";
				SWIFT_EMIT_LOC_STRINGS = NO;
				SWIFT_VERSION = 5.0;
				TARGETED_DEVICE_FAMILY = "1,2";
				TEST_HOST = "$(BUILT_PRODUCTS_DIR)/ToDo-Garden.app/$(BUNDLE_EXECUTABLE_FOLDER_PATH)/ToDo-Garden";
			};
			name = Release;
		};
/* End XCBuildConfiguration section */

/* Begin XCConfigurationList section */
		4F0DF1232B4EABCE00097B7D /* Build configuration list for PBXProject "ToDo-Garden" */ = {
			isa = XCConfigurationList;
			buildConfigurations = (
				4F0DF13A2B4EABD000097B7D /* Debug */,
				4F0DF13B2B4EABD000097B7D /* Release */,
			);
			defaultConfigurationIsVisible = 0;
			defaultConfigurationName = Release;
		};
		4F0DF13C2B4EABD000097B7D /* Build configuration list for PBXNativeTarget "ToDo-Garden" */ = {
			isa = XCConfigurationList;
			buildConfigurations = (
				4F0DF13D2B4EABD000097B7D /* Debug */,
				4F0DF13E2B4EABD000097B7D /* Release */,
			);
			defaultConfigurationIsVisible = 0;
			defaultConfigurationName = Release;
		};
		4FC8C10E2B8336A100BA223E /* Build configuration list for PBXNativeTarget "ToDo-GardenTests" */ = {
			isa = XCConfigurationList;
			buildConfigurations = (
				4FC8C10C2B8336A100BA223E /* Debug */,
				4FC8C10D2B8336A100BA223E /* Release */,
			);
			defaultConfigurationIsVisible = 0;
			defaultConfigurationName = Release;
		};
/* End XCConfigurationList section */

/* Begin XCSwiftPackageProductDependency section */
		4F3D03832B8EF89800C495E5 /* ToDoGardenUIComponent */ = {
			isa = XCSwiftPackageProductDependency;
			productName = ToDoGardenUIComponent;
		};
		4F3D03852B8EF89800C495E5 /* ToDoGardenUIResource */ = {
			isa = XCSwiftPackageProductDependency;
			productName = ToDoGardenUIResource;
		};
		4F577A2C2C2BE05F0006F44F /* TDUtility */ = {
			isa = XCSwiftPackageProductDependency;
			productName = TDUtility;
		};
		4FC8C1502B8C575A00BA223E /* ToDoGardenUIAPI */ = {
			isa = XCSwiftPackageProductDependency;
			productName = ToDoGardenUIAPI;
		};
		4FEB41412C3686DB00E3682A /* ShareGardenScene */ = {
			isa = XCSwiftPackageProductDependency;
			productName = ShareGardenScene;
		};
		634BD1772CA1755B00396CAB /* EditUserNameScene */ = {
			isa = XCSwiftPackageProductDependency;
			productName = EditUserNameScene;
		};
		634BD1792CA1755B00396CAB /* EditUserNameSceneAPI */ = {
			isa = XCSwiftPackageProductDependency;
			productName = EditUserNameSceneAPI;
		};
		634BD17B2CA1755B00396CAB /* EditUserNameSceneEntity */ = {
			isa = XCSwiftPackageProductDependency;
			productName = EditUserNameSceneEntity;
		};
		638125FD2CB3BFEE00FB4EEB /* EditUserIntroductionScene */ = {
			isa = XCSwiftPackageProductDependency;
			productName = EditUserIntroductionScene;
		};
		638125FF2CB3BFEE00FB4EEB /* EditUserIntroductionSceneAPI */ = {
			isa = XCSwiftPackageProductDependency;
			productName = EditUserIntroductionSceneAPI;
		};
		638126012CB3BFEE00FB4EEB /* EditUserIntroductionSceneEntity */ = {
			isa = XCSwiftPackageProductDependency;
			productName = EditUserIntroductionSceneEntity;
		};
		638F7F542C7F4E0900338FA3 /* UserInfoScene */ = {
			isa = XCSwiftPackageProductDependency;
			productName = UserInfoScene;
		};
		638F7F562C7F4E0900338FA3 /* UserInfoSceneAPI */ = {
			isa = XCSwiftPackageProductDependency;
			productName = UserInfoSceneAPI;
		};
		638F7F582C7F4E0900338FA3 /* UserInfoSceneEntity */ = {
			isa = XCSwiftPackageProductDependency;
			productName = UserInfoSceneEntity;
		};
		63C1A0EE2C2FD74100B6D6DE /* EditToDoScene */ = {
			isa = XCSwiftPackageProductDependency;
			productName = EditToDoScene;
		};
		63C1A0F02C2FD74100B6D6DE /* EditToDoSceneAPI */ = {
			isa = XCSwiftPackageProductDependency;
			productName = EditToDoSceneAPI;
		};
		63C1A0F22C2FD74100B6D6DE /* EditToDoSceneEntity */ = {
			isa = XCSwiftPackageProductDependency;
			productName = EditToDoSceneEntity;
		};
		E40EB3F22C3BBD64004D5329 /* PostGroupScene */ = {
			isa = XCSwiftPackageProductDependency;
			productName = PostGroupScene;
		};
		E40EB3F42C3BBD88004D5329 /* PostGroupSceneAPI */ = {
			isa = XCSwiftPackageProductDependency;
			productName = PostGroupSceneAPI;
		};
		E40EB3F62C3BBD88004D5329 /* PostGroupSceneEntity */ = {
			isa = XCSwiftPackageProductDependency;
			productName = PostGroupSceneEntity;
		};
		E48680222CAE902600C6D535 /* LoginScene */ = {
			isa = XCSwiftPackageProductDependency;
			productName = LoginScene;
		};
		E48680242CAE902600C6D535 /* LoginSceneAPI */ = {
			isa = XCSwiftPackageProductDependency;
			productName = LoginSceneAPI;
		};
		E48680262CAE902600C6D535 /* LoginSceneEntity */ = {
			isa = XCSwiftPackageProductDependency;
			productName = LoginSceneEntity;
		};
		E4DEA1732C2BED0700E3CE3C /* ManageGroupScene */ = {
			isa = XCSwiftPackageProductDependency;
			productName = ManageGroupScene;
		};
		E4DEA1752C2BED0700E3CE3C /* ManageGroupSceneAPI */ = {
			isa = XCSwiftPackageProductDependency;
			productName = ManageGroupSceneAPI;
		};
		E4DEA1772C2BED0700E3CE3C /* ManageGroupSceneEntity */ = {
			isa = XCSwiftPackageProductDependency;
			productName = ManageGroupSceneEntity;
		};
		E4F7D3B12B996B1F00324294 /* ToDoGardenUIConstant */ = {
			isa = XCSwiftPackageProductDependency;
			productName = ToDoGardenUIConstant;
		};
/* End XCSwiftPackageProductDependency section */
	};
	rootObject = 4F0DF1202B4EABCE00097B7D /* Project object */;
}
